// !$*UTF8*$!
{
	archiveVersion = 1;
	classes = {
	};
	objectVersion = 46;
	objects = {

/* Begin PBXBuildFile section */
		52341FCB1B0D1D38008EBE29 /* FBSDKCoreKit.framework in Frameworks */ = {isa = PBXBuildFile; fileRef = 52341FC81B0D1D38008EBE29 /* FBSDKCoreKit.framework */; };
		52341FCC1B0D1D38008EBE29 /* FBSDKLoginKit.framework in Frameworks */ = {isa = PBXBuildFile; fileRef = 52341FC91B0D1D38008EBE29 /* FBSDKLoginKit.framework */; };
		52341FCD1B0D1D38008EBE29 /* FBSDKShareKit.framework in Frameworks */ = {isa = PBXBuildFile; fileRef = 52341FCA1B0D1D38008EBE29 /* FBSDKShareKit.framework */; };
		527573AF1DC2C0EB00B3F2D5 /* GoogleAppUtilities.framework in Frameworks */ = {isa = PBXBuildFile; fileRef = 527573AB1DC2C0EB00B3F2D5 /* GoogleAppUtilities.framework */; };
		527573B01DC2C0EB00B3F2D5 /* GoogleSignIn.framework in Frameworks */ = {isa = PBXBuildFile; fileRef = 527573AC1DC2C0EB00B3F2D5 /* GoogleSignIn.framework */; };
		527573B11DC2C0EB00B3F2D5 /* GoogleSignInDependencies.framework in Frameworks */ = {isa = PBXBuildFile; fileRef = 527573AD1DC2C0EB00B3F2D5 /* GoogleSignInDependencies.framework */; };
		527573B21DC2C0EB00B3F2D5 /* GoogleSymbolUtilities.framework in Frameworks */ = {isa = PBXBuildFile; fileRef = 527573AE1DC2C0EB00B3F2D5 /* GoogleSymbolUtilities.framework */; };
		527573B41DC2C20500B3F2D5 /* SafariServices.framework in Frameworks */ = {isa = PBXBuildFile; fileRef = 527573B31DC2C20500B3F2D5 /* SafariServices.framework */; };
		527573BC1DC2C5E300B3F2D5 /* Bolts.framework in Frameworks */ = {isa = PBXBuildFile; fileRef = 527573BB1DC2C5E300B3F2D5 /* Bolts.framework */; };
		5284C6171B5ED66200D2D70C /* GigyaSDK.framework in Frameworks */ = {isa = PBXBuildFile; fileRef = 5284C6161B5ED66200D2D70C /* GigyaSDK.framework */; };
		52BCE1E21A48A65800924AD8 /* main.m in Sources */ = {isa = PBXBuildFile; fileRef = 52BCE1E11A48A65800924AD8 /* main.m */; };
		52BCE1E51A48A65800924AD8 /* AppDelegate.m in Sources */ = {isa = PBXBuildFile; fileRef = 52BCE1E41A48A65800924AD8 /* AppDelegate.m */; };
		52BCE1E81A48A65800924AD8 /* ViewController.m in Sources */ = {isa = PBXBuildFile; fileRef = 52BCE1E71A48A65800924AD8 /* ViewController.m */; };
		52BCE1EB1A48A65900924AD8 /* Main.storyboard in Resources */ = {isa = PBXBuildFile; fileRef = 52BCE1E91A48A65900924AD8 /* Main.storyboard */; };
		52BCE1ED1A48A65900924AD8 /* Images.xcassets in Resources */ = {isa = PBXBuildFile; fileRef = 52BCE1EC1A48A65900924AD8 /* Images.xcassets */; };
		52BCE1F01A48A65900924AD8 /* LaunchScreen.xib in Resources */ = {isa = PBXBuildFile; fileRef = 52BCE1EE1A48A65900924AD8 /* LaunchScreen.xib */; };
		52BCE1FC1A48A65900924AD8 /* Gigya_iOS_DemosTests.m in Sources */ = {isa = PBXBuildFile; fileRef = 52BCE1FB1A48A65900924AD8 /* Gigya_iOS_DemosTests.m */; };
		52BCE21B1A48D8BE00924AD8 /* AddressBook.framework in Frameworks */ = {isa = PBXBuildFile; fileRef = 52BCE2101A48D8BE00924AD8 /* AddressBook.framework */; };
		52BCE21C1A48D8BE00924AD8 /* AssetsLibrary.framework in Frameworks */ = {isa = PBXBuildFile; fileRef = 52BCE2111A48D8BE00924AD8 /* AssetsLibrary.framework */; };
		52BCE21D1A48D8BE00924AD8 /* CoreGraphics.framework in Frameworks */ = {isa = PBXBuildFile; fileRef = 52BCE2121A48D8BE00924AD8 /* CoreGraphics.framework */; };
		52BCE21E1A48D8BE00924AD8 /* CoreLocation.framework in Frameworks */ = {isa = PBXBuildFile; fileRef = 52BCE2131A48D8BE00924AD8 /* CoreLocation.framework */; };
		52BCE21F1A48D8BE00924AD8 /* CoreMotion.framework in Frameworks */ = {isa = PBXBuildFile; fileRef = 52BCE2141A48D8BE00924AD8 /* CoreMotion.framework */; };
		52BCE2201A48D8BE00924AD8 /* CoreText.framework in Frameworks */ = {isa = PBXBuildFile; fileRef = 52BCE2151A48D8BE00924AD8 /* CoreText.framework */; };
		52BCE2211A48D8BE00924AD8 /* Foundation.framework in Frameworks */ = {isa = PBXBuildFile; fileRef = 52BCE2161A48D8BE00924AD8 /* Foundation.framework */; };
		52BCE2221A48D8BE00924AD8 /* MediaPlayer.framework in Frameworks */ = {isa = PBXBuildFile; fileRef = 52BCE2171A48D8BE00924AD8 /* MediaPlayer.framework */; };
		52BCE2231A48D8BE00924AD8 /* Security.framework in Frameworks */ = {isa = PBXBuildFile; fileRef = 52BCE2181A48D8BE00924AD8 /* Security.framework */; };
		52BCE2241A48D8BE00924AD8 /* SystemConfiguration.framework in Frameworks */ = {isa = PBXBuildFile; fileRef = 52BCE2191A48D8BE00924AD8 /* SystemConfiguration.framework */; };
		52BCE2251A48D8BE00924AD8 /* UIKit.framework in Frameworks */ = {isa = PBXBuildFile; fileRef = 52BCE21A1A48D8BE00924AD8 /* UIKit.framework */; };
		52BCE23F1A49028500924AD8 /* CommentsViewController.m in Sources */ = {isa = PBXBuildFile; fileRef = 52BCE2361A49028500924AD8 /* CommentsViewController.m */; };
		52BCE2401A49028500924AD8 /* GSWebBridgeController.m in Sources */ = {isa = PBXBuildFile; fileRef = 52BCE2381A49028500924AD8 /* GSWebBridgeController.m */; };
		52BCE2421A49028500924AD8 /* PublishActionController.m in Sources */ = {isa = PBXBuildFile; fileRef = 52BCE23C1A49028500924AD8 /* PublishActionController.m */; };
		52BCE2451A4AA85600924AD8 /* G_256.png in Resources */ = {isa = PBXBuildFile; fileRef = 52BCE2441A4AA85600924AD8 /* G_256.png */; };
/* End PBXBuildFile section */

/* Begin PBXContainerItemProxy section */
		52BCE1F61A48A65900924AD8 /* PBXContainerItemProxy */ = {
			isa = PBXContainerItemProxy;
			containerPortal = 52BCE1D41A48A65800924AD8 /* Project object */;
			proxyType = 1;
			remoteGlobalIDString = 52BCE1DB1A48A65800924AD8;
			remoteInfo = "Gigya-iOS-Demos";
		};
/* End PBXContainerItemProxy section */

/* Begin PBXFileReference section */
		52341FC81B0D1D38008EBE29 /* FBSDKCoreKit.framework */ = {isa = PBXFileReference; lastKnownFileType = wrapper.framework; name = FBSDKCoreKit.framework; path = lib/FBSDKCoreKit.framework; sourceTree = "<group>"; };
		52341FC91B0D1D38008EBE29 /* FBSDKLoginKit.framework */ = {isa = PBXFileReference; lastKnownFileType = wrapper.framework; name = FBSDKLoginKit.framework; path = lib/FBSDKLoginKit.framework; sourceTree = "<group>"; };
		52341FCA1B0D1D38008EBE29 /* FBSDKShareKit.framework */ = {isa = PBXFileReference; lastKnownFileType = wrapper.framework; name = FBSDKShareKit.framework; path = lib/FBSDKShareKit.framework; sourceTree = "<group>"; };
		527573AB1DC2C0EB00B3F2D5 /* GoogleAppUtilities.framework */ = {isa = PBXFileReference; lastKnownFileType = wrapper.framework; name = GoogleAppUtilities.framework; path = lib/GoogleAppUtilities.framework; sourceTree = "<group>"; };
		527573AC1DC2C0EB00B3F2D5 /* GoogleSignIn.framework */ = {isa = PBXFileReference; lastKnownFileType = wrapper.framework; name = GoogleSignIn.framework; path = lib/GoogleSignIn.framework; sourceTree = "<group>"; };
		527573AD1DC2C0EB00B3F2D5 /* GoogleSignInDependencies.framework */ = {isa = PBXFileReference; lastKnownFileType = wrapper.framework; name = GoogleSignInDependencies.framework; path = lib/GoogleSignInDependencies.framework; sourceTree = "<group>"; };
		527573AE1DC2C0EB00B3F2D5 /* GoogleSymbolUtilities.framework */ = {isa = PBXFileReference; lastKnownFileType = wrapper.framework; name = GoogleSymbolUtilities.framework; path = lib/GoogleSymbolUtilities.framework; sourceTree = "<group>"; };
		527573B31DC2C20500B3F2D5 /* SafariServices.framework */ = {isa = PBXFileReference; lastKnownFileType = wrapper.framework; name = SafariServices.framework; path = System/Library/Frameworks/SafariServices.framework; sourceTree = SDKROOT; };
		527573BB1DC2C5E300B3F2D5 /* Bolts.framework */ = {isa = PBXFileReference; lastKnownFileType = wrapper.framework; name = Bolts.framework; path = lib/Bolts.framework; sourceTree = "<group>"; };
		5284C6161B5ED66200D2D70C /* GigyaSDK.framework */ = {isa = PBXFileReference; lastKnownFileType = wrapper.framework; name = GigyaSDK.framework; path = lib/GigyaSDK.framework; sourceTree = "<group>"; };
		52BCE1DC1A48A65800924AD8 /* Gigya-iOS-Demos.app */ = {isa = PBXFileReference; explicitFileType = wrapper.application; includeInIndex = 0; path = "Gigya-iOS-Demos.app"; sourceTree = BUILT_PRODUCTS_DIR; };
		52BCE1E01A48A65800924AD8 /* Info.plist */ = {isa = PBXFileReference; lastKnownFileType = text.plist.xml; path = Info.plist; sourceTree = "<group>"; };
		52BCE1E11A48A65800924AD8 /* main.m */ = {isa = PBXFileReference; lastKnownFileType = sourcecode.c.objc; path = main.m; sourceTree = "<group>"; };
		52BCE1E31A48A65800924AD8 /* AppDelegate.h */ = {isa = PBXFileReference; lastKnownFileType = sourcecode.c.h; path = AppDelegate.h; sourceTree = "<group>"; };
		52BCE1E41A48A65800924AD8 /* AppDelegate.m */ = {isa = PBXFileReference; lastKnownFileType = sourcecode.c.objc; path = AppDelegate.m; sourceTree = "<group>"; };
		52BCE1E61A48A65800924AD8 /* ViewController.h */ = {isa = PBXFileReference; lastKnownFileType = sourcecode.c.h; path = ViewController.h; sourceTree = "<group>"; };
		52BCE1E71A48A65800924AD8 /* ViewController.m */ = {isa = PBXFileReference; lastKnownFileType = sourcecode.c.objc; path = ViewController.m; sourceTree = "<group>"; };
		52BCE1EA1A48A65900924AD8 /* Base */ = {isa = PBXFileReference; lastKnownFileType = file.storyboard; name = Base; path = Base.lproj/Main.storyboard; sourceTree = "<group>"; };
		52BCE1EC1A48A65900924AD8 /* Images.xcassets */ = {isa = PBXFileReference; lastKnownFileType = folder.assetcatalog; path = Images.xcassets; sourceTree = "<group>"; };
		52BCE1EF1A48A65900924AD8 /* Base */ = {isa = PBXFileReference; lastKnownFileType = file.xib; name = Base; path = Base.lproj/LaunchScreen.xib; sourceTree = "<group>"; };
		52BCE1F51A48A65900924AD8 /* Gigya-iOS-DemosTests.xctest */ = {isa = PBXFileReference; explicitFileType = wrapper.cfbundle; includeInIndex = 0; path = "Gigya-iOS-DemosTests.xctest"; sourceTree = BUILT_PRODUCTS_DIR; };
		52BCE1FA1A48A65900924AD8 /* Info.plist */ = {isa = PBXFileReference; lastKnownFileType = text.plist.xml; path = Info.plist; sourceTree = "<group>"; };
		52BCE1FB1A48A65900924AD8 /* Gigya_iOS_DemosTests.m */ = {isa = PBXFileReference; lastKnownFileType = sourcecode.c.objc; path = Gigya_iOS_DemosTests.m; sourceTree = "<group>"; };
		52BCE2101A48D8BE00924AD8 /* AddressBook.framework */ = {isa = PBXFileReference; lastKnownFileType = wrapper.framework; name = AddressBook.framework; path = System/Library/Frameworks/AddressBook.framework; sourceTree = SDKROOT; };
		52BCE2111A48D8BE00924AD8 /* AssetsLibrary.framework */ = {isa = PBXFileReference; lastKnownFileType = wrapper.framework; name = AssetsLibrary.framework; path = System/Library/Frameworks/AssetsLibrary.framework; sourceTree = SDKROOT; };
		52BCE2121A48D8BE00924AD8 /* CoreGraphics.framework */ = {isa = PBXFileReference; lastKnownFileType = wrapper.framework; name = CoreGraphics.framework; path = System/Library/Frameworks/CoreGraphics.framework; sourceTree = SDKROOT; };
		52BCE2131A48D8BE00924AD8 /* CoreLocation.framework */ = {isa = PBXFileReference; lastKnownFileType = wrapper.framework; name = CoreLocation.framework; path = System/Library/Frameworks/CoreLocation.framework; sourceTree = SDKROOT; };
		52BCE2141A48D8BE00924AD8 /* CoreMotion.framework */ = {isa = PBXFileReference; lastKnownFileType = wrapper.framework; name = CoreMotion.framework; path = System/Library/Frameworks/CoreMotion.framework; sourceTree = SDKROOT; };
		52BCE2151A48D8BE00924AD8 /* CoreText.framework */ = {isa = PBXFileReference; lastKnownFileType = wrapper.framework; name = CoreText.framework; path = System/Library/Frameworks/CoreText.framework; sourceTree = SDKROOT; };
		52BCE2161A48D8BE00924AD8 /* Foundation.framework */ = {isa = PBXFileReference; lastKnownFileType = wrapper.framework; name = Foundation.framework; path = System/Library/Frameworks/Foundation.framework; sourceTree = SDKROOT; };
		52BCE2171A48D8BE00924AD8 /* MediaPlayer.framework */ = {isa = PBXFileReference; lastKnownFileType = wrapper.framework; name = MediaPlayer.framework; path = System/Library/Frameworks/MediaPlayer.framework; sourceTree = SDKROOT; };
		52BCE2181A48D8BE00924AD8 /* Security.framework */ = {isa = PBXFileReference; lastKnownFileType = wrapper.framework; name = Security.framework; path = System/Library/Frameworks/Security.framework; sourceTree = SDKROOT; };
		52BCE2191A48D8BE00924AD8 /* SystemConfiguration.framework */ = {isa = PBXFileReference; lastKnownFileType = wrapper.framework; name = SystemConfiguration.framework; path = System/Library/Frameworks/SystemConfiguration.framework; sourceTree = SDKROOT; };
		52BCE21A1A48D8BE00924AD8 /* UIKit.framework */ = {isa = PBXFileReference; lastKnownFileType = wrapper.framework; name = UIKit.framework; path = System/Library/Frameworks/UIKit.framework; sourceTree = SDKROOT; };
		52BCE2351A49028500924AD8 /* CommentsViewController.h */ = {isa = PBXFileReference; fileEncoding = 4; lastKnownFileType = sourcecode.c.h; path = CommentsViewController.h; sourceTree = "<group>"; };
		52BCE2361A49028500924AD8 /* CommentsViewController.m */ = {isa = PBXFileReference; fileEncoding = 4; lastKnownFileType = sourcecode.c.objc; path = CommentsViewController.m; sourceTree = "<group>"; };
		52BCE2371A49028500924AD8 /* GSWebBridgeController.h */ = {isa = PBXFileReference; fileEncoding = 4; lastKnownFileType = sourcecode.c.h; path = GSWebBridgeController.h; sourceTree = "<group>"; };
		52BCE2381A49028500924AD8 /* GSWebBridgeController.m */ = {isa = PBXFileReference; fileEncoding = 4; lastKnownFileType = sourcecode.c.objc; path = GSWebBridgeController.m; sourceTree = "<group>"; };
		52BCE23B1A49028500924AD8 /* PublishActionController.h */ = {isa = PBXFileReference; fileEncoding = 4; lastKnownFileType = sourcecode.c.h; path = PublishActionController.h; sourceTree = "<group>"; };
		52BCE23C1A49028500924AD8 /* PublishActionController.m */ = {isa = PBXFileReference; fileEncoding = 4; lastKnownFileType = sourcecode.c.objc; path = PublishActionController.m; sourceTree = "<group>"; };
		52BCE2441A4AA85600924AD8 /* G_256.png */ = {isa = PBXFileReference; lastKnownFileType = image.png; path = G_256.png; sourceTree = "<group>"; };
/* End PBXFileReference section */

/* Begin PBXFrameworksBuildPhase section */
		52BCE1D91A48A65800924AD8 /* Frameworks */ = {
			isa = PBXFrameworksBuildPhase;
			buildActionMask = 2147483647;
			files = (
				527573B41DC2C20500B3F2D5 /* SafariServices.framework in Frameworks */,
				52BCE21B1A48D8BE00924AD8 /* AddressBook.framework in Frameworks */,
				52BCE21C1A48D8BE00924AD8 /* AssetsLibrary.framework in Frameworks */,
				527573B21DC2C0EB00B3F2D5 /* GoogleSymbolUtilities.framework in Frameworks */,
				52341FCD1B0D1D38008EBE29 /* FBSDKShareKit.framework in Frameworks */,
				52BCE21D1A48D8BE00924AD8 /* CoreGraphics.framework in Frameworks */,
				52BCE21E1A48D8BE00924AD8 /* CoreLocation.framework in Frameworks */,
				52BCE21F1A48D8BE00924AD8 /* CoreMotion.framework in Frameworks */,
				527573AF1DC2C0EB00B3F2D5 /* GoogleAppUtilities.framework in Frameworks */,
				527573B01DC2C0EB00B3F2D5 /* GoogleSignIn.framework in Frameworks */,
				527573B11DC2C0EB00B3F2D5 /* GoogleSignInDependencies.framework in Frameworks */,
				52BCE2201A48D8BE00924AD8 /* CoreText.framework in Frameworks */,
				52BCE2211A48D8BE00924AD8 /* Foundation.framework in Frameworks */,
				5284C6171B5ED66200D2D70C /* GigyaSDK.framework in Frameworks */,
				527573BC1DC2C5E300B3F2D5 /* Bolts.framework in Frameworks */,
				52BCE2221A48D8BE00924AD8 /* MediaPlayer.framework in Frameworks */,
				52341FCB1B0D1D38008EBE29 /* FBSDKCoreKit.framework in Frameworks */,
				52BCE2231A48D8BE00924AD8 /* Security.framework in Frameworks */,
				52BCE2241A48D8BE00924AD8 /* SystemConfiguration.framework in Frameworks */,
				52341FCC1B0D1D38008EBE29 /* FBSDKLoginKit.framework in Frameworks */,
				52BCE2251A48D8BE00924AD8 /* UIKit.framework in Frameworks */,
			);
			runOnlyForDeploymentPostprocessing = 0;
		};
		52BCE1F21A48A65900924AD8 /* Frameworks */ = {
			isa = PBXFrameworksBuildPhase;
			buildActionMask = 2147483647;
			files = (
			);
			runOnlyForDeploymentPostprocessing = 0;
		};
/* End PBXFrameworksBuildPhase section */

/* Begin PBXGroup section */
		1D4FC73A3E8168BB7F9D43A1 /* Frameworks */ = {
			isa = PBXGroup;
			children = (
				527573B31DC2C20500B3F2D5 /* SafariServices.framework */,
			);
			name = Frameworks;
			sourceTree = "<group>";
		};
		52BCE1D31A48A65800924AD8 = {
			isa = PBXGroup;
			children = (
				52BCE1DE1A48A65800924AD8 /* Gigya-iOS-Demos */,
				52BCE1F81A48A65900924AD8 /* Gigya-iOS-DemosTests */,
				52BCE1DD1A48A65800924AD8 /* Products */,
				1D4FC73A3E8168BB7F9D43A1 /* Frameworks */,
			);
			sourceTree = "<group>";
		};
		52BCE1DD1A48A65800924AD8 /* Products */ = {
			isa = PBXGroup;
			children = (
				52BCE1DC1A48A65800924AD8 /* Gigya-iOS-Demos.app */,
				52BCE1F51A48A65900924AD8 /* Gigya-iOS-DemosTests.xctest */,
			);
			name = Products;
			sourceTree = "<group>";
		};
		52BCE1DE1A48A65800924AD8 /* Gigya-iOS-Demos */ = {
			isa = PBXGroup;
			children = (
				52BCE2441A4AA85600924AD8 /* G_256.png */,
				52BCE2351A49028500924AD8 /* CommentsViewController.h */,
				52BCE2361A49028500924AD8 /* CommentsViewController.m */,
				52BCE2371A49028500924AD8 /* GSWebBridgeController.h */,
				52BCE2381A49028500924AD8 /* GSWebBridgeController.m */,
				52BCE23B1A49028500924AD8 /* PublishActionController.h */,
				52BCE23C1A49028500924AD8 /* PublishActionController.m */,
				52BCE1E31A48A65800924AD8 /* AppDelegate.h */,
				52BCE1E41A48A65800924AD8 /* AppDelegate.m */,
				52BCE1E61A48A65800924AD8 /* ViewController.h */,
				52BCE1E71A48A65800924AD8 /* ViewController.m */,
				52BCE1E91A48A65900924AD8 /* Main.storyboard */,
				52BCE1EC1A48A65900924AD8 /* Images.xcassets */,
				52BCE1EE1A48A65900924AD8 /* LaunchScreen.xib */,
				52BCE1DF1A48A65800924AD8 /* Supporting Files */,
				52BCE2071A48CE9500924AD8 /* Frameworks */,
			);
			path = "Gigya-iOS-Demos";
			sourceTree = "<group>";
		};
		52BCE1DF1A48A65800924AD8 /* Supporting Files */ = {
			isa = PBXGroup;
			children = (
				52BCE1E01A48A65800924AD8 /* Info.plist */,
				52BCE1E11A48A65800924AD8 /* main.m */,
			);
			name = "Supporting Files";
			sourceTree = "<group>";
		};
		52BCE1F81A48A65900924AD8 /* Gigya-iOS-DemosTests */ = {
			isa = PBXGroup;
			children = (
				52BCE1FB1A48A65900924AD8 /* Gigya_iOS_DemosTests.m */,
				52BCE1F91A48A65900924AD8 /* Supporting Files */,
			);
			path = "Gigya-iOS-DemosTests";
			sourceTree = "<group>";
		};
		52BCE1F91A48A65900924AD8 /* Supporting Files */ = {
			isa = PBXGroup;
			children = (
				52BCE1FA1A48A65900924AD8 /* Info.plist */,
			);
			name = "Supporting Files";
			sourceTree = "<group>";
		};
		52BCE2071A48CE9500924AD8 /* Frameworks */ = {
			isa = PBXGroup;
			children = (
				527573BB1DC2C5E300B3F2D5 /* Bolts.framework */,
				527573AB1DC2C0EB00B3F2D5 /* GoogleAppUtilities.framework */,
				527573AC1DC2C0EB00B3F2D5 /* GoogleSignIn.framework */,
				527573AD1DC2C0EB00B3F2D5 /* GoogleSignInDependencies.framework */,
				527573AE1DC2C0EB00B3F2D5 /* GoogleSymbolUtilities.framework */,
				5284C6161B5ED66200D2D70C /* GigyaSDK.framework */,
				52341FC81B0D1D38008EBE29 /* FBSDKCoreKit.framework */,
				52341FC91B0D1D38008EBE29 /* FBSDKLoginKit.framework */,
				52341FCA1B0D1D38008EBE29 /* FBSDKShareKit.framework */,
				52BCE2101A48D8BE00924AD8 /* AddressBook.framework */,
				52BCE2111A48D8BE00924AD8 /* AssetsLibrary.framework */,
				52BCE2121A48D8BE00924AD8 /* CoreGraphics.framework */,
				52BCE2131A48D8BE00924AD8 /* CoreLocation.framework */,
				52BCE2141A48D8BE00924AD8 /* CoreMotion.framework */,
				52BCE2151A48D8BE00924AD8 /* CoreText.framework */,
				52BCE2161A48D8BE00924AD8 /* Foundation.framework */,
				52BCE2171A48D8BE00924AD8 /* MediaPlayer.framework */,
				52BCE2181A48D8BE00924AD8 /* Security.framework */,
				52BCE2191A48D8BE00924AD8 /* SystemConfiguration.framework */,
				52BCE21A1A48D8BE00924AD8 /* UIKit.framework */,
			);
			name = Frameworks;
			sourceTree = "<group>";
		};
/* End PBXGroup section */

/* Begin PBXNativeTarget section */
		52BCE1DB1A48A65800924AD8 /* Gigya-iOS-Demos */ = {
			isa = PBXNativeTarget;
			buildConfigurationList = 52BCE1FF1A48A65900924AD8 /* Build configuration list for PBXNativeTarget "Gigya-iOS-Demos" */;
			buildPhases = (
				52BCE1D81A48A65800924AD8 /* Sources */,
				52BCE1D91A48A65800924AD8 /* Frameworks */,
				52BCE1DA1A48A65800924AD8 /* Resources */,
			);
			buildRules = (
			);
			dependencies = (
			);
			name = "Gigya-iOS-Demos";
			productName = "Gigya-iOS-Demos";
			productReference = 52BCE1DC1A48A65800924AD8 /* Gigya-iOS-Demos.app */;
			productType = "com.apple.product-type.application";
		};
		52BCE1F41A48A65900924AD8 /* Gigya-iOS-DemosTests */ = {
			isa = PBXNativeTarget;
			buildConfigurationList = 52BCE2021A48A65900924AD8 /* Build configuration list for PBXNativeTarget "Gigya-iOS-DemosTests" */;
			buildPhases = (
				52BCE1F11A48A65900924AD8 /* Sources */,
				52BCE1F21A48A65900924AD8 /* Frameworks */,
				52BCE1F31A48A65900924AD8 /* Resources */,
			);
			buildRules = (
			);
			dependencies = (
				52BCE1F71A48A65900924AD8 /* PBXTargetDependency */,
			);
			name = "Gigya-iOS-DemosTests";
			productName = "Gigya-iOS-DemosTests";
			productReference = 52BCE1F51A48A65900924AD8 /* Gigya-iOS-DemosTests.xctest */;
			productType = "com.apple.product-type.bundle.unit-test";
		};
/* End PBXNativeTarget section */

/* Begin PBXProject section */
		52BCE1D41A48A65800924AD8 /* Project object */ = {
			isa = PBXProject;
			attributes = {
				LastUpgradeCheck = 0810;
				ORGANIZATIONNAME = Gigya;
				TargetAttributes = {
					52BCE1DB1A48A65800924AD8 = {
						CreatedOnToolsVersion = 6.1.1;
						DevelopmentTeam = PWUZYLM9DQ;
					};
					52BCE1F41A48A65900924AD8 = {
						CreatedOnToolsVersion = 6.1.1;
						TestTargetID = 52BCE1DB1A48A65800924AD8;
					};
				};
			};
			buildConfigurationList = 52BCE1D71A48A65800924AD8 /* Build configuration list for PBXProject "Gigya-iOS-Demos" */;
			compatibilityVersion = "Xcode 3.2";
			developmentRegion = English;
			hasScannedForEncodings = 0;
			knownRegions = (
				en,
				Base,
			);
			mainGroup = 52BCE1D31A48A65800924AD8;
			productRefGroup = 52BCE1DD1A48A65800924AD8 /* Products */;
			projectDirPath = "";
			projectRoot = "";
			targets = (
				52BCE1DB1A48A65800924AD8 /* Gigya-iOS-Demos */,
				52BCE1F41A48A65900924AD8 /* Gigya-iOS-DemosTests */,
			);
		};
/* End PBXProject section */

/* Begin PBXResourcesBuildPhase section */
		52BCE1DA1A48A65800924AD8 /* Resources */ = {
			isa = PBXResourcesBuildPhase;
			buildActionMask = 2147483647;
			files = (
				52BCE1EB1A48A65900924AD8 /* Main.storyboard in Resources */,
				52BCE1F01A48A65900924AD8 /* LaunchScreen.xib in Resources */,
				52BCE1ED1A48A65900924AD8 /* Images.xcassets in Resources */,
				52BCE2451A4AA85600924AD8 /* G_256.png in Resources */,
			);
			runOnlyForDeploymentPostprocessing = 0;
		};
		52BCE1F31A48A65900924AD8 /* Resources */ = {
			isa = PBXResourcesBuildPhase;
			buildActionMask = 2147483647;
			files = (
			);
			runOnlyForDeploymentPostprocessing = 0;
		};
/* End PBXResourcesBuildPhase section */

/* Begin PBXSourcesBuildPhase section */
		52BCE1D81A48A65800924AD8 /* Sources */ = {
			isa = PBXSourcesBuildPhase;
			buildActionMask = 2147483647;
			files = (
				52BCE1E81A48A65800924AD8 /* ViewController.m in Sources */,
				52BCE2401A49028500924AD8 /* GSWebBridgeController.m in Sources */,
				52BCE1E51A48A65800924AD8 /* AppDelegate.m in Sources */,
				52BCE2421A49028500924AD8 /* PublishActionController.m in Sources */,
				52BCE23F1A49028500924AD8 /* CommentsViewController.m in Sources */,
				52BCE1E21A48A65800924AD8 /* main.m in Sources */,
			);
			runOnlyForDeploymentPostprocessing = 0;
		};
		52BCE1F11A48A65900924AD8 /* Sources */ = {
			isa = PBXSourcesBuildPhase;
			buildActionMask = 2147483647;
			files = (
				52BCE1FC1A48A65900924AD8 /* Gigya_iOS_DemosTests.m in Sources */,
			);
			runOnlyForDeploymentPostprocessing = 0;
		};
/* End PBXSourcesBuildPhase section */

/* Begin PBXTargetDependency section */
		52BCE1F71A48A65900924AD8 /* PBXTargetDependency */ = {
			isa = PBXTargetDependency;
			target = 52BCE1DB1A48A65800924AD8 /* Gigya-iOS-Demos */;
			targetProxy = 52BCE1F61A48A65900924AD8 /* PBXContainerItemProxy */;
		};
/* End PBXTargetDependency section */

/* Begin PBXVariantGroup section */
		52BCE1E91A48A65900924AD8 /* Main.storyboard */ = {
			isa = PBXVariantGroup;
			children = (
				52BCE1EA1A48A65900924AD8 /* Base */,
			);
			name = Main.storyboard;
			sourceTree = "<group>";
		};
		52BCE1EE1A48A65900924AD8 /* LaunchScreen.xib */ = {
			isa = PBXVariantGroup;
			children = (
				52BCE1EF1A48A65900924AD8 /* Base */,
			);
			name = LaunchScreen.xib;
			sourceTree = "<group>";
		};
/* End PBXVariantGroup section */

/* Begin XCBuildConfiguration section */
		52BCE1FD1A48A65900924AD8 /* Debug */ = {
			isa = XCBuildConfiguration;
			buildSettings = {
				ALWAYS_SEARCH_USER_PATHS = NO;
				CLANG_CXX_LANGUAGE_STANDARD = "gnu++0x";
				CLANG_CXX_LIBRARY = "libc++";
				CLANG_ENABLE_MODULES = YES;
				CLANG_ENABLE_OBJC_ARC = YES;
				CLANG_WARN_BOOL_CONVERSION = YES;
				CLANG_WARN_CONSTANT_CONVERSION = YES;
				CLANG_WARN_DIRECT_OBJC_ISA_USAGE = YES_ERROR;
				CLANG_WARN_EMPTY_BODY = YES;
				CLANG_WARN_ENUM_CONVERSION = YES;
				CLANG_WARN_INFINITE_RECURSION = YES;
				CLANG_WARN_INT_CONVERSION = YES;
				CLANG_WARN_OBJC_ROOT_CLASS = YES_ERROR;
				CLANG_WARN_SUSPICIOUS_MOVE = YES;
				CLANG_WARN_UNREACHABLE_CODE = YES;
				CLANG_WARN__DUPLICATE_METHOD_MATCH = YES;
				"CODE_SIGN_IDENTITY[sdk=iphoneos*]" = "iPhone Developer";
				COPY_PHASE_STRIP = NO;
				ENABLE_STRICT_OBJC_MSGSEND = YES;
				ENABLE_TESTABILITY = YES;
				GCC_C_LANGUAGE_STANDARD = gnu99;
				GCC_DYNAMIC_NO_PIC = NO;
				GCC_NO_COMMON_BLOCKS = YES;
				GCC_OPTIMIZATION_LEVEL = 0;
				GCC_PREPROCESSOR_DEFINITIONS = (
					"DEBUG=1",
					"$(inherited)",
				);
				GCC_SYMBOLS_PRIVATE_EXTERN = NO;
				GCC_WARN_64_TO_32_BIT_CONVERSION = YES;
				GCC_WARN_ABOUT_RETURN_TYPE = YES_ERROR;
				GCC_WARN_UNDECLARED_SELECTOR = YES;
				GCC_WARN_UNINITIALIZED_AUTOS = YES_AGGRESSIVE;
				GCC_WARN_UNUSED_FUNCTION = YES;
				GCC_WARN_UNUSED_VARIABLE = YES;
				IPHONEOS_DEPLOYMENT_TARGET = 10.1;
				MTL_ENABLE_DEBUG_INFO = YES;
				ONLY_ACTIVE_ARCH = YES;
				SDKROOT = iphoneos;
				TARGETED_DEVICE_FAMILY = "1,2";
			};
			name = Debug;
		};
		52BCE1FE1A48A65900924AD8 /* Release */ = {
			isa = XCBuildConfiguration;
			buildSettings = {
				ALWAYS_SEARCH_USER_PATHS = NO;
				CLANG_CXX_LANGUAGE_STANDARD = "gnu++0x";
				CLANG_CXX_LIBRARY = "libc++";
				CLANG_ENABLE_MODULES = YES;
				CLANG_ENABLE_OBJC_ARC = YES;
				CLANG_WARN_BOOL_CONVERSION = YES;
				CLANG_WARN_CONSTANT_CONVERSION = YES;
				CLANG_WARN_DIRECT_OBJC_ISA_USAGE = YES_ERROR;
				CLANG_WARN_EMPTY_BODY = YES;
				CLANG_WARN_ENUM_CONVERSION = YES;
				CLANG_WARN_INFINITE_RECURSION = YES;
				CLANG_WARN_INT_CONVERSION = YES;
				CLANG_WARN_OBJC_ROOT_CLASS = YES_ERROR;
				CLANG_WARN_SUSPICIOUS_MOVE = YES;
				CLANG_WARN_UNREACHABLE_CODE = YES;
				CLANG_WARN__DUPLICATE_METHOD_MATCH = YES;
				"CODE_SIGN_IDENTITY[sdk=iphoneos*]" = "iPhone Developer";
				COPY_PHASE_STRIP = YES;
				ENABLE_NS_ASSERTIONS = NO;
				ENABLE_STRICT_OBJC_MSGSEND = YES;
				GCC_C_LANGUAGE_STANDARD = gnu99;
				GCC_NO_COMMON_BLOCKS = YES;
				GCC_WARN_64_TO_32_BIT_CONVERSION = YES;
				GCC_WARN_ABOUT_RETURN_TYPE = YES_ERROR;
				GCC_WARN_UNDECLARED_SELECTOR = YES;
				GCC_WARN_UNINITIALIZED_AUTOS = YES_AGGRESSIVE;
				GCC_WARN_UNUSED_FUNCTION = YES;
				GCC_WARN_UNUSED_VARIABLE = YES;
				IPHONEOS_DEPLOYMENT_TARGET = 10.1;
				MTL_ENABLE_DEBUG_INFO = NO;
				SDKROOT = iphoneos;
				TARGETED_DEVICE_FAMILY = "1,2";
				VALIDATE_PRODUCT = YES;
			};
			name = Release;
		};
		52BCE2001A48A65900924AD8 /* Debug */ = {
			isa = XCBuildConfiguration;
			buildSettings = {
				ASSETCATALOG_COMPILER_APPICON_NAME = AppIcon;
				CODE_SIGN_IDENTITY = "iPhone Developer";
				DEVELOPMENT_TEAM = PWUZYLM9DQ;
				ENABLE_BITCODE = NO;
				FRAMEWORK_SEARCH_PATHS = (
					"$(inherited)",
					"$(PROJECT_DIR)/Gigya-iOS-Demos",
					"$(PROJECT_DIR)/Gigya-iOS-Demos/lib",
				);
				INFOPLIST_FILE = "Gigya-iOS-Demos/Info.plist";
				IPHONEOS_DEPLOYMENT_TARGET = 10.1;
				LD_RUNPATH_SEARCH_PATHS = "$(inherited) @executable_path/Frameworks";
				ONLY_ACTIVE_ARCH = NO;
				OTHER_LDFLAGS = "$(inherited)";
				PRODUCT_BUNDLE_IDENTIFIER = "com.gigya.$(PRODUCT_NAME:rfc1034identifier)";
				PRODUCT_NAME = "$(TARGET_NAME)";
			};
			name = Debug;
		};
		52BCE2011A48A65900924AD8 /* Release */ = {
			isa = XCBuildConfiguration;
			buildSettings = {
				ASSETCATALOG_COMPILER_APPICON_NAME = AppIcon;
				CODE_SIGN_IDENTITY = "iPhone Developer";
				DEVELOPMENT_TEAM = PWUZYLM9DQ;
				ENABLE_BITCODE = NO;
				FRAMEWORK_SEARCH_PATHS = (
					"$(inherited)",
					"$(PROJECT_DIR)/Gigya-iOS-Demos",
					"$(PROJECT_DIR)/Gigya-iOS-Demos/lib",
				);
				INFOPLIST_FILE = "Gigya-iOS-Demos/Info.plist";
				IPHONEOS_DEPLOYMENT_TARGET = 10.1;
				LD_RUNPATH_SEARCH_PATHS = "$(inherited) @executable_path/Frameworks";
				OTHER_LDFLAGS = "$(inherited)";
				PRODUCT_BUNDLE_IDENTIFIER = "com.gigya.$(PRODUCT_NAME:rfc1034identifier)";
				PRODUCT_NAME = "$(TARGET_NAME)";
			};
			name = Release;
		};
		52BCE2031A48A65900924AD8 /* Debug */ = {
			isa = XCBuildConfiguration;
			buildSettings = {
				BUNDLE_LOADER = "$(TEST_HOST)";
				FRAMEWORK_SEARCH_PATHS = (
					"$(SDKROOT)/Developer/Library/Frameworks",
					"$(inherited)",
				);
				GCC_PREPROCESSOR_DEFINITIONS = (
					"DEBUG=1",
					"$(inherited)",
				);
				INFOPLIST_FILE = "Gigya-iOS-DemosTests/Info.plist";
				LD_RUNPATH_SEARCH_PATHS = "$(inherited) @executable_path/Frameworks @loader_path/Frameworks";
				PRODUCT_BUNDLE_IDENTIFIER = "com.gigya.$(PRODUCT_NAME:rfc1034identifier)";
				PRODUCT_NAME = "$(TARGET_NAME)";
				TEST_HOST = "$(BUILT_PRODUCTS_DIR)/Gigya-iOS-Demos.app/Gigya-iOS-Demos";
			};
			name = Debug;
		};
		52BCE2041A48A65900924AD8 /* Release */ = {
			isa = XCBuildConfiguration;
			buildSettings = {
				BUNDLE_LOADER = "$(TEST_HOST)";
				FRAMEWORK_SEARCH_PATHS = (
					"$(SDKROOT)/Developer/Library/Frameworks",
					"$(inherited)",
				);
				INFOPLIST_FILE = "Gigya-iOS-DemosTests/Info.plist";
				LD_RUNPATH_SEARCH_PATHS = "$(inherited) @executable_path/Frameworks @loader_path/Frameworks";
				PRODUCT_BUNDLE_IDENTIFIER = "com.gigya.$(PRODUCT_NAME:rfc1034identifier)";
				PRODUCT_NAME = "$(TARGET_NAME)";
				TEST_HOST = "$(BUILT_PRODUCTS_DIR)/Gigya-iOS-Demos.app/Gigya-iOS-Demos";
			};
			name = Release;
		};
/* End XCBuildConfiguration section */

/* Begin XCConfigurationList section */
		52BCE1D71A48A65800924AD8 /* Build configuration list for PBXProject "Gigya-iOS-Demos" */ = {
			isa = XCConfigurationList;
			buildConfigurations = (
				52BCE1FD1A48A65900924AD8 /* Debug */,
				52BCE1FE1A48A65900924AD8 /* Release */,
			);
			defaultConfigurationIsVisible = 0;
			defaultConfigurationName = Release;
		};
		52BCE1FF1A48A65900924AD8 /* Build configuration list for PBXNativeTarget "Gigya-iOS-Demos" */ = {
			isa = XCConfigurationList;
			buildConfigurations = (
				52BCE2001A48A65900924AD8 /* Debug */,
				52BCE2011A48A65900924AD8 /* Release */,
			);
			defaultConfigurationIsVisible = 0;
			defaultConfigurationName = Release;
		};
		52BCE2021A48A65900924AD8 /* Build configuration list for PBXNativeTarget "Gigya-iOS-DemosTests" */ = {
			isa = XCConfigurationList;
			buildConfigurations = (
				52BCE2031A48A65900924AD8 /* Debug */,
				52BCE2041A48A65900924AD8 /* Release */,
			);
			defaultConfigurationIsVisible = 0;
			defaultConfigurationName = Release;
		};
/* End XCConfigurationList section */
	};
	rootObject = 52BCE1D41A48A65800924AD8 /* Project object */;
}
